{
    "_readme": [
        "This file locks the dependencies of your project to a known state",
        "Read more about it at https://getcomposer.org/doc/01-basic-usage.md#composer-lock-the-lock-file",
        "This file is @generated automatically"
    ],
    "hash": "d1a0c1231d394c68242122f9e2ad379b",
    "content-hash": "c71c9b9008c7ee866e6fd6b265f68a94",
    "packages": [
        {
            "name": "cakephp/cakephp",
            "version": "2.6.2",
            "source": {
                "type": "git",
                "url": "https://github.com/cakephp/cakephp.git",
                "reference": "3fee5b9eaafdcca986f776129aef7c2c04c427df"
            },
            "dist": {
                "type": "zip",
                "url": "https://api.github.com/repos/cakephp/cakephp/zipball/3fee5b9eaafdcca986f776129aef7c2c04c427df",
                "reference": "3fee5b9eaafdcca986f776129aef7c2c04c427df",
                "shasum": ""
            },
            "require": {
                "ext-mcrypt": "*",
                "php": ">=5.2.8"
            },
            "require-dev": {
                "cakephp/debug_kit": "2.2.*",
                "phpunit/phpunit": "3.7.*"
            },
            "bin": [
                "lib/Cake/Console/cake"
            ],
            "type": "library",
            "notification-url": "https://packagist.org/downloads/",
            "license": [
                "MIT"
            ],
            "authors": [
                {
                    "name": "CakePHP Community",
                    "homepage": "https://github.com/cakephp/cakephp/graphs/contributors"
                }
            ],
            "description": "The CakePHP framework",
            "homepage": "http://cakephp.org",
            "keywords": [
                "framework"
            ],
            "time": "2015-02-19 12:34:27"
        }
    ],
    "packages-dev": [],
    "aliases": [],
    "minimum-stability": "stable",
    "stability-flags": [],
    "prefer-stable": false,
    "prefer-lowest": false,
    "platform": [],
    "platform-dev": []
}
